
Microsoft Visual Studio Solution File, Format Version 12.00
# Visual Studio Version 17
VisualStudioVersion = 17.5.33627.172
MinimumVisualStudioVersion = 10.0.40219.1
Project("{8BC9CEB8-8B4A-11D0-8D11-00A0C91BC942}") = "Include", "Source\Include\Include.vcxproj", "{595B5FB5-B60A-435C-A661-A945D0C155F6}"
	ProjectSection(ProjectDependencies) = postProject
		{06FFBAA3-AC24-4BC6-AA7C-4342A544F959} = {06FFBAA3-AC24-4BC6-AA7C-4342A544F959}
		{D863DD67-1A72-4DD6-8F17-1B6490C15604} = {D863DD67-1A72-4DD6-8F17-1B6490C15604}
	EndProjectSection
EndProject
Project("{8BC9CEB8-8B4A-11D0-8D11-00A0C91BC942}") = "ZCore", "Source\ZCore\ZCore.vcxproj", "{06FFBAA3-AC24-4BC6-AA7C-4342A544F959}"
EndProject
Project("{8BC9CEB8-8B4A-11D0-8D11-00A0C91BC942}") = "ZMath", "Source\ZMath\ZMath.vcxproj", "{D863DD67-1A72-4DD6-8F17-1B6490C15604}"
	ProjectSection(ProjectDependencies) = postProject
		{06FFBAA3-AC24-4BC6-AA7C-4342A544F959} = {06FFBAA3-AC24-4BC6-AA7C-4342A544F959}
	EndProjectSection
EndProject
Global
	GlobalSection(SolutionConfigurationPlatforms) = preSolution
		Debug|x64 = Debug|x64
		Debug|x86 = Debug|x86
		Release|x64 = Release|x64
		Release|x86 = Release|x86
	EndGlobalSection
	GlobalSection(ProjectConfigurationPlatforms) = postSolution
		{595B5FB5-B60A-435C-A661-A945D0C155F6}.Debug|x64.ActiveCfg = Debug|x64
		{595B5FB5-B60A-435C-A661-A945D0C155F6}.Debug|x64.Build.0 = Debug|x64
		{595B5FB5-B60A-435C-A661-A945D0C155F6}.Debug|x86.ActiveCfg = Debug|Win32
		{595B5FB5-B60A-435C-A661-A945D0C155F6}.Debug|x86.Build.0 = Debug|Win32
		{595B5FB5-B60A-435C-A661-A945D0C155F6}.Release|x64.ActiveCfg = Release|x64
		{595B5FB5-B60A-435C-A661-A945D0C155F6}.Release|x64.Build.0 = Release|x64
		{595B5FB5-B60A-435C-A661-A945D0C155F6}.Release|x86.ActiveCfg = Release|Win32
		{595B5FB5-B60A-435C-A661-A945D0C155F6}.Release|x86.Build.0 = Release|Win32
		{06FFBAA3-AC24-4BC6-AA7C-4342A544F959}.Debug|x64.ActiveCfg = Debug|x64
		{06FFBAA3-AC24-4BC6-AA7C-4342A544F959}.Debug|x64.Build.0 = Debug|x64
		{06FFBAA3-AC24-4BC6-AA7C-4342A544F959}.Debug|x86.ActiveCfg = Debug|Win32
		{06FFBAA3-AC24-4BC6-AA7C-4342A544F959}.Debug|x86.Build.0 = Debug|Win32
		{06FFBAA3-AC24-4BC6-AA7C-4342A544F959}.Release|x64.ActiveCfg = Release|x64
		{06FFBAA3-AC24-4BC6-AA7C-4342A544F959}.Release|x64.Build.0 = Release|x64
		{06FFBAA3-AC24-4BC6-AA7C-4342A544F959}.Release|x86.ActiveCfg = Release|Win32
		{06FFBAA3-AC24-4BC6-AA7C-4342A544F959}.Release|x86.Build.0 = Release|Win32
		{D863DD67-1A72-4DD6-8F17-1B6490C15604}.Debug|x64.ActiveCfg = Debug|x64
		{D863DD67-1A72-4DD6-8F17-1B6490C15604}.Debug|x64.Build.0 = Debug|x64
		{D863DD67-1A72-4DD6-8F17-1B6490C15604}.Debug|x86.ActiveCfg = Debug|Win32
		{D863DD67-1A72-4DD6-8F17-1B6490C15604}.Debug|x86.Build.0 = Debug|Win32
		{D863DD67-1A72-4DD6-8F17-1B6490C15604}.Release|x64.ActiveCfg = Release|x64
		{D863DD67-1A72-4DD6-8F17-1B6490C15604}.Release|x64.Build.0 = Release|x64
		{D863DD67-1A72-4DD6-8F17-1B6490C15604}.Release|x86.ActiveCfg = Release|Win32
		{D863DD67-1A72-4DD6-8F17-1B6490C15604}.Release|x86.Build.0 = Release|Win32
	EndGlobalSection
	GlobalSection(SolutionProperties) = preSolution
		HideSolutionNode = FALSE
	EndGlobalSection
	GlobalSection(ExtensibilityGlobals) = postSolution
		SolutionGuid = {19A0CF16-C9C4-44C4-8230-32F8B1DCF783}
	EndGlobalSection
EndGlobal
