<?xml version="1.0" encoding="utf-8"?>
<Project ToolsVersion="4.0" xmlns="http://schemas.microsoft.com/developer/msbuild/2003">
  <ItemGroup>
    <Filter Include="源文件">
      <UniqueIdentifier>{4FC737F1-C7A5-4376-A066-2A32D752A2FF}</UniqueIdentifier>
      <Extensions>cpp;c;cc;cxx;c++;cppm;ixx;def;odl;idl;hpj;bat;asm;asmx</Extensions>
    </Filter>
    <Filter Include="头文件">
      <UniqueIdentifier>{93995380-89BD-4b04-88EB-625FBE52EBFB}</UniqueIdentifier>
      <Extensions>h;hh;hpp;hxx;h++;hm;inl;inc;ipp;xsd</Extensions>
    </Filter>
    <Filter Include="资源文件">
      <UniqueIdentifier>{67DA6AB6-F800-4c08-8B7A-83BB121AAD01}</UniqueIdentifier>
      <Extensions>rc;ico;cur;bmp;dlg;rc2;rct;bin;rgs;gif;jpg;jpeg;jpe;resx;tiff;tif;png;wav;mfcribbon-ms</Extensions>
    </Filter>
  </ItemGroup>
  <ItemGroup>
    <ClCompile Include="code\data\z_buffer_stream_data.cpp">
      <Filter>源文件</Filter>
    </ClCompile>
    <ClCompile Include="code\data\z_io_context_data.cpp">
      <Filter>源文件</Filter>
    </ClCompile>
    <ClCompile Include="code\data\z_tcp_client_data.cpp">
      <Filter>源文件</Filter>
    </ClCompile>
    <ClCompile Include="code\data\z_tcp_server_data.cpp">
      <Filter>源文件</Filter>
    </ClCompile>
    <ClCompile Include="code\data\z_tcp_socket_data.cpp">
      <Filter>源文件</Filter>
    </ClCompile>
    <ClCompile Include="code\data\z_tls_context_data.cpp">
      <Filter>源文件</Filter>
    </ClCompile>
    <ClCompile Include="code\data\z_tls_stream_data.cpp">
      <Filter>源文件</Filter>
    </ClCompile>
    <ClCompile Include="code\data\z_udp_socket_data.cpp">
      <Filter>源文件</Filter>
    </ClCompile>
    <ClCompile Include="code\f_tcp_log_output.cpp">
      <Filter>源文件</Filter>
    </ClCompile>
    <ClCompile Include="code\z_buffer_stream.cpp">
      <Filter>源文件</Filter>
    </ClCompile>
    <ClCompile Include="code\z_io_context.cpp">
      <Filter>源文件</Filter>
    </ClCompile>
    <ClCompile Include="code\z_tcp_client\z_tcp_multiple_session_client.cpp">
      <Filter>源文件</Filter>
    </ClCompile>
    <ClCompile Include="code\z_tcp_server\z_tcp_multiple_session_server.cpp">
      <Filter>源文件</Filter>
    </ClCompile>
    <ClCompile Include="code\z_tcp_client\z_tcp_single_session_client.cpp">
      <Filter>源文件</Filter>
    </ClCompile>
    <ClCompile Include="code\z_tcp_server\z_tcp_single_session_server.cpp">
      <Filter>源文件</Filter>
    </ClCompile>
    <ClCompile Include="code\z_tcp_socket.cpp">
      <Filter>源文件</Filter>
    </ClCompile>
    <ClCompile Include="code\z_tls_context.cpp">
      <Filter>源文件</Filter>
    </ClCompile>
    <ClCompile Include="code\z_tls_stream.cpp">
      <Filter>源文件</Filter>
    </ClCompile>
    <ClCompile Include="code\z_udp_socket.cpp">
      <Filter>源文件</Filter>
    </ClCompile>
    <ClCompile Include="code\z_http_request_generator\z_http_11_request_generator.cpp">
      <Filter>源文件</Filter>
    </ClCompile>
    <ClCompile Include="code\data\z_http_11_request_generator_data.cpp">
      <Filter>源文件</Filter>
    </ClCompile>
    <ClCompile Include="code\data\z_http_11_response_resolver_data.cpp">
      <Filter>源文件</Filter>
    </ClCompile>
    <ClCompile Include="code\z_http_response_resolver\z_http_11_response_resolver.cpp">
      <Filter>源文件</Filter>
    </ClCompile>
    <ClCompile Include="code\z_url_resolver.cpp">
      <Filter>源文件</Filter>
    </ClCompile>
    <ClCompile Include="code\data\z_url_resolver_data.cpp">
      <Filter>源文件</Filter>
    </ClCompile>
    <ClCompile Include="code\f_socket\get_udp_public_address_and_port.cpp">
      <Filter>源文件</Filter>
    </ClCompile>
  </ItemGroup>
  <ItemGroup>
    <ClInclude Include="code\data\z_buffer_stream_data.h">
      <Filter>头文件</Filter>
    </ClInclude>
    <ClInclude Include="code\data\z_io_context_data.h">
      <Filter>头文件</Filter>
    </ClInclude>
    <ClInclude Include="code\data\z_tcp_client_data.h">
      <Filter>头文件</Filter>
    </ClInclude>
    <ClInclude Include="code\data\z_tcp_server_data.h">
      <Filter>头文件</Filter>
    </ClInclude>
    <ClInclude Include="code\data\z_tcp_socket_data.h">
      <Filter>头文件</Filter>
    </ClInclude>
    <ClInclude Include="code\data\z_tls_context_data.h">
      <Filter>头文件</Filter>
    </ClInclude>
    <ClInclude Include="code\data\z_tls_stream_data.h">
      <Filter>头文件</Filter>
    </ClInclude>
    <ClInclude Include="code\data\z_udp_socket_data.h">
      <Filter>头文件</Filter>
    </ClInclude>
    <ClInclude Include="code\z_socket_allocator.h">
      <Filter>头文件</Filter>
    </ClInclude>
    <ClInclude Include="code\z_http11_resolver.h">
      <Filter>头文件</Filter>
    </ClInclude>
    <ClInclude Include="code\data\z_http_11_request_generator_data.h">
      <Filter>头文件</Filter>
    </ClInclude>
    <ClInclude Include="code\data\z_http_11_response_resolver_data.h">
      <Filter>头文件</Filter>
    </ClInclude>
    <ClInclude Include="code\data\z_url_resolver_data.h">
      <Filter>头文件</Filter>
    </ClInclude>
  </ItemGroup>
</Project>