<?xml version="1.0" encoding="utf-8"?>
<Project ToolsVersion="4.0" xmlns="http://schemas.microsoft.com/developer/msbuild/2003">
  <ItemGroup>
    <Filter Include="源文件">
      <UniqueIdentifier>{4FC737F1-C7A5-4376-A066-2A32D752A2FF}</UniqueIdentifier>
      <Extensions>cpp;c;cc;cxx;c++;cppm;ixx;def;odl;idl;hpj;bat;asm;asmx</Extensions>
    </Filter>
    <Filter Include="头文件">
      <UniqueIdentifier>{93995380-89BD-4b04-88EB-625FBE52EBFB}</UniqueIdentifier>
      <Extensions>h;hh;hpp;hxx;h++;hm;inl;inc;ipp;xsd</Extensions>
    </Filter>
    <Filter Include="资源文件">
      <UniqueIdentifier>{67DA6AB6-F800-4c08-8B7A-83BB121AAD01}</UniqueIdentifier>
      <Extensions>rc;ico;cur;bmp;dlg;rc2;rct;bin;rgs;gif;jpg;jpeg;jpe;resx;tiff;tif;png;wav;mfcribbon-ms</Extensions>
    </Filter>
  </ItemGroup>
  <ItemGroup>
    <ClInclude Include="code\z_engine.h">
      <Filter>头文件</Filter>
    </ClInclude>
    <ClInclude Include="code\z_core\internal\d_concept.h">
      <Filter>头文件</Filter>
    </ClInclude>
    <ClInclude Include="code\z_core\internal\d_constant.h">
      <Filter>头文件</Filter>
    </ClInclude>
    <ClInclude Include="code\z_core\internal\d_error_code.h">
      <Filter>头文件</Filter>
    </ClInclude>
    <ClInclude Include="code\z_core\internal\d_function.h">
      <Filter>头文件</Filter>
    </ClInclude>
    <ClInclude Include="code\z_core\internal\d_lib.h">
      <Filter>头文件</Filter>
    </ClInclude>
    <ClInclude Include="code\z_core\internal\d_macro.h">
      <Filter>头文件</Filter>
    </ClInclude>
    <ClInclude Include="code\z_core\internal\d_type.h">
      <Filter>头文件</Filter>
    </ClInclude>
    <ClInclude Include="code\z_core\internal\z_drive.h">
      <Filter>头文件</Filter>
    </ClInclude>
    <ClInclude Include="code\z_core\f_console.h">
      <Filter>头文件</Filter>
    </ClInclude>
    <ClInclude Include="code\z_core\f_memory_pool.h">
      <Filter>头文件</Filter>
    </ClInclude>
    <ClInclude Include="code\z_core\m_log.h">
      <Filter>头文件</Filter>
    </ClInclude>
    <ClInclude Include="code\z_core\t_allocator.h">
      <Filter>头文件</Filter>
    </ClInclude>
    <ClInclude Include="code\z_core\t_array.h">
      <Filter>头文件</Filter>
    </ClInclude>
    <ClInclude Include="code\z_core\t_deque.h">
      <Filter>头文件</Filter>
    </ClInclude>
    <ClInclude Include="code\z_core\t_fixed_deque.h">
      <Filter>头文件</Filter>
    </ClInclude>
    <ClInclude Include="code\z_core\t_fixed_queue.h">
      <Filter>头文件</Filter>
    </ClInclude>
    <ClInclude Include="code\z_core\t_fixed_string.h">
      <Filter>头文件</Filter>
    </ClInclude>
    <ClInclude Include="code\z_core\t_forward_list.h">
      <Filter>头文件</Filter>
    </ClInclude>
    <ClInclude Include="code\z_core\t_list.h">
      <Filter>头文件</Filter>
    </ClInclude>
    <ClInclude Include="code\z_core\t_lock_guard.h">
      <Filter>头文件</Filter>
    </ClInclude>
    <ClInclude Include="code\z_core\t_lookup_table.h">
      <Filter>头文件</Filter>
    </ClInclude>
    <ClInclude Include="code\z_core\t_pair.h">
      <Filter>头文件</Filter>
    </ClInclude>
    <ClInclude Include="code\z_core\t_queue.h">
      <Filter>头文件</Filter>
    </ClInclude>
    <ClInclude Include="code\z_core\t_set.h">
      <Filter>头文件</Filter>
    </ClInclude>
    <ClInclude Include="code\z_core\t_stack.h">
      <Filter>头文件</Filter>
    </ClInclude>
    <ClInclude Include="code\z_core\t_tuple.h">
      <Filter>头文件</Filter>
    </ClInclude>
    <ClInclude Include="code\z_core\t_unique_lock.h">
      <Filter>头文件</Filter>
    </ClInclude>
    <ClInclude Include="code\z_core\t_vector.h">
      <Filter>头文件</Filter>
    </ClInclude>
    <ClInclude Include="code\z_core\z_condition_variable.h">
      <Filter>头文件</Filter>
    </ClInclude>
    <ClInclude Include="code\z_core\z_cs_mutex.h">
      <Filter>头文件</Filter>
    </ClInclude>
    <ClInclude Include="code\z_core\z_file.h">
      <Filter>头文件</Filter>
    </ClInclude>
    <ClInclude Include="code\z_core\z_mutex.h">
      <Filter>头文件</Filter>
    </ClInclude>
    <ClInclude Include="code\z_core\z_object.h">
      <Filter>头文件</Filter>
    </ClInclude>
    <ClInclude Include="code\z_core\z_sem_mutex.h">
      <Filter>头文件</Filter>
    </ClInclude>
    <ClInclude Include="code\z_core\z_system_time.h">
      <Filter>头文件</Filter>
    </ClInclude>
    <ClInclude Include="code\z_core\z_task.h">
      <Filter>头文件</Filter>
    </ClInclude>
    <ClInclude Include="code\z_core\z_thread.h">
      <Filter>头文件</Filter>
    </ClInclude>
    <ClInclude Include="code\z_core\z_thread_pool.h">
      <Filter>头文件</Filter>
    </ClInclude>
    <ClInclude Include="code\z_core.h">
      <Filter>头文件</Filter>
    </ClInclude>
    <ClInclude Include="code\z_core\z_string.h">
      <Filter>头文件</Filter>
    </ClInclude>
    <ClInclude Include="code\z_core\t_smart_pointer.h">
      <Filter>头文件</Filter>
    </ClInclude>
    <ClInclude Include="code\z_core\f_file_system.h">
      <Filter>头文件</Filter>
    </ClInclude>
    <ClInclude Include="code\z_core\f_test.h">
      <Filter>头文件</Filter>
    </ClInclude>
    <ClInclude Include="code\z_gui\f_test.h">
      <Filter>头文件</Filter>
    </ClInclude>
    <ClInclude Include="code\z_gui\internal\d_concept.h">
      <Filter>头文件</Filter>
    </ClInclude>
    <ClInclude Include="code\z_gui\internal\d_constant.h">
      <Filter>头文件</Filter>
    </ClInclude>
    <ClInclude Include="code\z_gui\internal\d_error_code.h">
      <Filter>头文件</Filter>
    </ClInclude>
    <ClInclude Include="code\z_gui\internal\d_function.h">
      <Filter>头文件</Filter>
    </ClInclude>
    <ClInclude Include="code\z_gui\internal\d_lib.h">
      <Filter>头文件</Filter>
    </ClInclude>
    <ClInclude Include="code\z_gui\internal\d_macro.h">
      <Filter>头文件</Filter>
    </ClInclude>
    <ClInclude Include="code\z_gui\internal\d_type.h">
      <Filter>头文件</Filter>
    </ClInclude>
    <ClInclude Include="code\z_gui\internal\z_drive.h">
      <Filter>头文件</Filter>
    </ClInclude>
    <ClInclude Include="code\z_gui\z_window.h">
      <Filter>头文件</Filter>
    </ClInclude>
    <ClInclude Include="code\z_gui\z_gui_object.h">
      <Filter>头文件</Filter>
    </ClInclude>
    <ClInclude Include="code\z_gui.h">
      <Filter>头文件</Filter>
    </ClInclude>
    <ClInclude Include="code\z_core\t_atom.h">
      <Filter>头文件</Filter>
    </ClInclude>
    <ClInclude Include="code\z_core\internal\d_config.h">
      <Filter>头文件</Filter>
    </ClInclude>
    <ClInclude Include="code\z_gui\internal\d_config.h">
      <Filter>头文件</Filter>
    </ClInclude>
  </ItemGroup>
  <ItemGroup>
    <ClCompile Include="code\main.cpp">
      <Filter>源文件</Filter>
    </ClCompile>
  </ItemGroup>
</Project>