
Microsoft Visual Studio Solution File, Format Version 12.00
# Visual Studio Version 17
VisualStudioVersion = 17.5.33627.172
MinimumVisualStudioVersion = 10.0.40219.1
Project("{8BC9CEB8-8B4A-11D0-8D11-00A0C91BC942}") = "L_ImGui_1_90_9_Opengl3", "Library\ImGui_1_90_9\L_ImGui_1_90_9_Opengl3\L_ImGui_1_90_9_Opengl3.vcxproj", "{5FBE708B-7A17-4A3D-9701-1C9B775BD477}"
EndProject
Project("{8BC9CEB8-8B4A-11D0-8D11-00A0C91BC942}") = "Z_Core", "Source\Z_Core\Z_Core.vcxproj", "{06FFBAA3-AC24-4BC6-AA7C-4342A544F959}"
EndProject
Project("{8BC9CEB8-8B4A-11D0-8D11-00A0C91BC942}") = "Engine", "Source\Engine\Engine.vcxproj", "{595B5FB5-B60A-435C-A661-A945D0C155F6}"
	ProjectSection(ProjectDependencies) = postProject
		{06FFBAA3-AC24-4BC6-AA7C-4342A544F959} = {06FFBAA3-AC24-4BC6-AA7C-4342A544F959}
		{0CB52545-EFD7-4025-ACF0-747908BFE09C} = {0CB52545-EFD7-4025-ACF0-747908BFE09C}
		{574AFCD8-3687-4A97-8225-352DD396E6D5} = {574AFCD8-3687-4A97-8225-352DD396E6D5}
		{5FBE708B-7A17-4A3D-9701-1C9B775BD477} = {5FBE708B-7A17-4A3D-9701-1C9B775BD477}
		{718035C0-7FA3-4C5C-8C1E-BD7288CCD52F} = {718035C0-7FA3-4C5C-8C1E-BD7288CCD52F}
		{D863DD67-1A72-4DD6-8F17-1B6490C15604} = {D863DD67-1A72-4DD6-8F17-1B6490C15604}
		{E9A52BFC-7C01-44C3-BABD-139AC2FC785F} = {E9A52BFC-7C01-44C3-BABD-139AC2FC785F}
	EndProjectSection
EndProject
Project("{8BC9CEB8-8B4A-11D0-8D11-00A0C91BC942}") = "EngineTemplate", "Source\EngineTemplate\EngineTemplate.vcxproj", "{9147FD13-D693-4BC7-9EB7-A41DDD7B27F8}"
EndProject
Project("{8BC9CEB8-8B4A-11D0-8D11-00A0C91BC942}") = "Z_Gui", "Source\Z_Gui\Z_Gui.vcxproj", "{574AFCD8-3687-4A97-8225-352DD396E6D5}"
	ProjectSection(ProjectDependencies) = postProject
		{06FFBAA3-AC24-4BC6-AA7C-4342A544F959} = {06FFBAA3-AC24-4BC6-AA7C-4342A544F959}
		{5FBE708B-7A17-4A3D-9701-1C9B775BD477} = {5FBE708B-7A17-4A3D-9701-1C9B775BD477}
		{D863DD67-1A72-4DD6-8F17-1B6490C15604} = {D863DD67-1A72-4DD6-8F17-1B6490C15604}
	EndProjectSection
EndProject
Project("{8BC9CEB8-8B4A-11D0-8D11-00A0C91BC942}") = "Z_TSRPG", "Source\Z_TSRPG\Z_TSRPG.vcxproj", "{718035C0-7FA3-4C5C-8C1E-BD7288CCD52F}"
	ProjectSection(ProjectDependencies) = postProject
		{0CB52545-EFD7-4025-ACF0-747908BFE09C} = {0CB52545-EFD7-4025-ACF0-747908BFE09C}
		{D863DD67-1A72-4DD6-8F17-1B6490C15604} = {D863DD67-1A72-4DD6-8F17-1B6490C15604}
		{E9A52BFC-7C01-44C3-BABD-139AC2FC785F} = {E9A52BFC-7C01-44C3-BABD-139AC2FC785F}
	EndProjectSection
EndProject
Project("{8BC9CEB8-8B4A-11D0-8D11-00A0C91BC942}") = "L_Lua_5_4_7", "Library\Lua_5_4_7\L_Lua_5_4_7\L_Lua_5_4_7.vcxproj", "{0CB52545-EFD7-4025-ACF0-747908BFE09C}"
EndProject
Project("{8BC9CEB8-8B4A-11D0-8D11-00A0C91BC942}") = "Z_Lua", "Source\Z_Lua\Z_Lua.vcxproj", "{E9A52BFC-7C01-44C3-BABD-139AC2FC785F}"
	ProjectSection(ProjectDependencies) = postProject
		{06FFBAA3-AC24-4BC6-AA7C-4342A544F959} = {06FFBAA3-AC24-4BC6-AA7C-4342A544F959}
		{0CB52545-EFD7-4025-ACF0-747908BFE09C} = {0CB52545-EFD7-4025-ACF0-747908BFE09C}
		{D863DD67-1A72-4DD6-8F17-1B6490C15604} = {D863DD67-1A72-4DD6-8F17-1B6490C15604}
	EndProjectSection
EndProject
Project("{8BC9CEB8-8B4A-11D0-8D11-00A0C91BC942}") = "Z_Math", "Source\Z_Math\Z_Math.vcxproj", "{D863DD67-1A72-4DD6-8F17-1B6490C15604}"
	ProjectSection(ProjectDependencies) = postProject
		{06FFBAA3-AC24-4BC6-AA7C-4342A544F959} = {06FFBAA3-AC24-4BC6-AA7C-4342A544F959}
	EndProjectSection
EndProject
Global
	GlobalSection(SolutionConfigurationPlatforms) = preSolution
		Debug|x64 = Debug|x64
		Debug|x86 = Debug|x86
		Release|x64 = Release|x64
		Release|x86 = Release|x86
	EndGlobalSection
	GlobalSection(ProjectConfigurationPlatforms) = postSolution
		{5FBE708B-7A17-4A3D-9701-1C9B775BD477}.Debug|x64.ActiveCfg = Debug|x64
		{5FBE708B-7A17-4A3D-9701-1C9B775BD477}.Debug|x64.Build.0 = Debug|x64
		{5FBE708B-7A17-4A3D-9701-1C9B775BD477}.Debug|x86.ActiveCfg = Debug|Win32
		{5FBE708B-7A17-4A3D-9701-1C9B775BD477}.Debug|x86.Build.0 = Debug|Win32
		{5FBE708B-7A17-4A3D-9701-1C9B775BD477}.Release|x64.ActiveCfg = Release|x64
		{5FBE708B-7A17-4A3D-9701-1C9B775BD477}.Release|x64.Build.0 = Release|x64
		{5FBE708B-7A17-4A3D-9701-1C9B775BD477}.Release|x86.ActiveCfg = Release|Win32
		{5FBE708B-7A17-4A3D-9701-1C9B775BD477}.Release|x86.Build.0 = Release|Win32
		{06FFBAA3-AC24-4BC6-AA7C-4342A544F959}.Debug|x64.ActiveCfg = Debug|x64
		{06FFBAA3-AC24-4BC6-AA7C-4342A544F959}.Debug|x64.Build.0 = Debug|x64
		{06FFBAA3-AC24-4BC6-AA7C-4342A544F959}.Debug|x86.ActiveCfg = Debug|Win32
		{06FFBAA3-AC24-4BC6-AA7C-4342A544F959}.Debug|x86.Build.0 = Debug|Win32
		{06FFBAA3-AC24-4BC6-AA7C-4342A544F959}.Release|x64.ActiveCfg = Release|x64
		{06FFBAA3-AC24-4BC6-AA7C-4342A544F959}.Release|x64.Build.0 = Release|x64
		{06FFBAA3-AC24-4BC6-AA7C-4342A544F959}.Release|x86.ActiveCfg = Release|Win32
		{06FFBAA3-AC24-4BC6-AA7C-4342A544F959}.Release|x86.Build.0 = Release|Win32
		{595B5FB5-B60A-435C-A661-A945D0C155F6}.Debug|x64.ActiveCfg = Debug|x64
		{595B5FB5-B60A-435C-A661-A945D0C155F6}.Debug|x64.Build.0 = Debug|x64
		{595B5FB5-B60A-435C-A661-A945D0C155F6}.Debug|x86.ActiveCfg = Debug|Win32
		{595B5FB5-B60A-435C-A661-A945D0C155F6}.Debug|x86.Build.0 = Debug|Win32
		{595B5FB5-B60A-435C-A661-A945D0C155F6}.Release|x64.ActiveCfg = Release|x64
		{595B5FB5-B60A-435C-A661-A945D0C155F6}.Release|x64.Build.0 = Release|x64
		{595B5FB5-B60A-435C-A661-A945D0C155F6}.Release|x86.ActiveCfg = Release|Win32
		{595B5FB5-B60A-435C-A661-A945D0C155F6}.Release|x86.Build.0 = Release|Win32
		{9147FD13-D693-4BC7-9EB7-A41DDD7B27F8}.Debug|x64.ActiveCfg = Debug|x64
		{9147FD13-D693-4BC7-9EB7-A41DDD7B27F8}.Debug|x86.ActiveCfg = Debug|Win32
		{9147FD13-D693-4BC7-9EB7-A41DDD7B27F8}.Release|x64.ActiveCfg = Release|x64
		{9147FD13-D693-4BC7-9EB7-A41DDD7B27F8}.Release|x86.ActiveCfg = Release|Win32
		{574AFCD8-3687-4A97-8225-352DD396E6D5}.Debug|x64.ActiveCfg = Debug|x64
		{574AFCD8-3687-4A97-8225-352DD396E6D5}.Debug|x64.Build.0 = Debug|x64
		{574AFCD8-3687-4A97-8225-352DD396E6D5}.Debug|x86.ActiveCfg = Debug|Win32
		{574AFCD8-3687-4A97-8225-352DD396E6D5}.Debug|x86.Build.0 = Debug|Win32
		{574AFCD8-3687-4A97-8225-352DD396E6D5}.Release|x64.ActiveCfg = Release|x64
		{574AFCD8-3687-4A97-8225-352DD396E6D5}.Release|x64.Build.0 = Release|x64
		{574AFCD8-3687-4A97-8225-352DD396E6D5}.Release|x86.ActiveCfg = Release|Win32
		{574AFCD8-3687-4A97-8225-352DD396E6D5}.Release|x86.Build.0 = Release|Win32
		{718035C0-7FA3-4C5C-8C1E-BD7288CCD52F}.Debug|x64.ActiveCfg = Debug|x64
		{718035C0-7FA3-4C5C-8C1E-BD7288CCD52F}.Debug|x64.Build.0 = Debug|x64
		{718035C0-7FA3-4C5C-8C1E-BD7288CCD52F}.Debug|x86.ActiveCfg = Debug|Win32
		{718035C0-7FA3-4C5C-8C1E-BD7288CCD52F}.Debug|x86.Build.0 = Debug|Win32
		{718035C0-7FA3-4C5C-8C1E-BD7288CCD52F}.Release|x64.ActiveCfg = Release|x64
		{718035C0-7FA3-4C5C-8C1E-BD7288CCD52F}.Release|x64.Build.0 = Release|x64
		{718035C0-7FA3-4C5C-8C1E-BD7288CCD52F}.Release|x86.ActiveCfg = Release|Win32
		{718035C0-7FA3-4C5C-8C1E-BD7288CCD52F}.Release|x86.Build.0 = Release|Win32
		{0CB52545-EFD7-4025-ACF0-747908BFE09C}.Debug|x64.ActiveCfg = Debug|x64
		{0CB52545-EFD7-4025-ACF0-747908BFE09C}.Debug|x64.Build.0 = Debug|x64
		{0CB52545-EFD7-4025-ACF0-747908BFE09C}.Debug|x86.ActiveCfg = Debug|Win32
		{0CB52545-EFD7-4025-ACF0-747908BFE09C}.Debug|x86.Build.0 = Debug|Win32
		{0CB52545-EFD7-4025-ACF0-747908BFE09C}.Release|x64.ActiveCfg = Release|x64
		{0CB52545-EFD7-4025-ACF0-747908BFE09C}.Release|x64.Build.0 = Release|x64
		{0CB52545-EFD7-4025-ACF0-747908BFE09C}.Release|x86.ActiveCfg = Release|Win32
		{0CB52545-EFD7-4025-ACF0-747908BFE09C}.Release|x86.Build.0 = Release|Win32
		{E9A52BFC-7C01-44C3-BABD-139AC2FC785F}.Debug|x64.ActiveCfg = Debug|x64
		{E9A52BFC-7C01-44C3-BABD-139AC2FC785F}.Debug|x64.Build.0 = Debug|x64
		{E9A52BFC-7C01-44C3-BABD-139AC2FC785F}.Debug|x86.ActiveCfg = Debug|Win32
		{E9A52BFC-7C01-44C3-BABD-139AC2FC785F}.Debug|x86.Build.0 = Debug|Win32
		{E9A52BFC-7C01-44C3-BABD-139AC2FC785F}.Release|x64.ActiveCfg = Release|x64
		{E9A52BFC-7C01-44C3-BABD-139AC2FC785F}.Release|x64.Build.0 = Release|x64
		{E9A52BFC-7C01-44C3-BABD-139AC2FC785F}.Release|x86.ActiveCfg = Release|Win32
		{E9A52BFC-7C01-44C3-BABD-139AC2FC785F}.Release|x86.Build.0 = Release|Win32
		{D863DD67-1A72-4DD6-8F17-1B6490C15604}.Debug|x64.ActiveCfg = Debug|x64
		{D863DD67-1A72-4DD6-8F17-1B6490C15604}.Debug|x64.Build.0 = Debug|x64
		{D863DD67-1A72-4DD6-8F17-1B6490C15604}.Debug|x86.ActiveCfg = Debug|Win32
		{D863DD67-1A72-4DD6-8F17-1B6490C15604}.Debug|x86.Build.0 = Debug|Win32
		{D863DD67-1A72-4DD6-8F17-1B6490C15604}.Release|x64.ActiveCfg = Release|x64
		{D863DD67-1A72-4DD6-8F17-1B6490C15604}.Release|x64.Build.0 = Release|x64
		{D863DD67-1A72-4DD6-8F17-1B6490C15604}.Release|x86.ActiveCfg = Release|Win32
		{D863DD67-1A72-4DD6-8F17-1B6490C15604}.Release|x86.Build.0 = Release|Win32
	EndGlobalSection
	GlobalSection(SolutionProperties) = preSolution
		HideSolutionNode = FALSE
	EndGlobalSection
	GlobalSection(ExtensibilityGlobals) = postSolution
		SolutionGuid = {19A0CF16-C9C4-44C4-8230-32F8B1DCF783}
	EndGlobalSection
EndGlobal
